// !$*UTF8*$!
{
	archiveVersion = 1;
	classes = {
	};
	objectVersion = 46;
	objects = {

/* Begin PBXBuildFile section */
		F533EC7F1BD1183A0093D489 /* TableViewControllerHistory.swift in Sources */ = {isa = PBXBuildFile; fileRef = F533EC7E1BD1183A0093D489 /* TableViewControllerHistory.swift */; settings = {ASSET_TAGS = (); }; };
		F533EC811BD12A190093D489 /* ViewControllerAlert.swift in Sources */ = {isa = PBXBuildFile; fileRef = F533EC801BD12A190093D489 /* ViewControllerAlert.swift */; settings = {ASSET_TAGS = (); }; };
		F533EC831BD130EB0093D489 /* ViewControllerSettings.swift in Sources */ = {isa = PBXBuildFile; fileRef = F533EC821BD130EB0093D489 /* ViewControllerSettings.swift */; settings = {ASSET_TAGS = (); }; };
		F533EC851BD132880093D489 /* ViewControllerAddEmergency.swift in Sources */ = {isa = PBXBuildFile; fileRef = F533EC841BD132880093D489 /* ViewControllerAddEmergency.swift */; settings = {ASSET_TAGS = (); }; };
		F5C744561BD111A3009D5F75 /* AppDelegate.swift in Sources */ = {isa = PBXBuildFile; fileRef = F5C744551BD111A3009D5F75 /* AppDelegate.swift */; };
		F5C7445B1BD111A3009D5F75 /* Main.storyboard in Resources */ = {isa = PBXBuildFile; fileRef = F5C744591BD111A3009D5F75 /* Main.storyboard */; };
		F5C7445D1BD111A3009D5F75 /* Assets.xcassets in Resources */ = {isa = PBXBuildFile; fileRef = F5C7445C1BD111A3009D5F75 /* Assets.xcassets */; };
		F5C744601BD111A3009D5F75 /* LaunchScreen.storyboard in Resources */ = {isa = PBXBuildFile; fileRef = F5C7445E1BD111A3009D5F75 /* LaunchScreen.storyboard */; };
		F5C7446B1BD111A3009D5F75 /* WeSafeTests.swift in Sources */ = {isa = PBXBuildFile; fileRef = F5C7446A1BD111A3009D5F75 /* WeSafeTests.swift */; };
		F5C744761BD111A3009D5F75 /* WeSafeUITests.swift in Sources */ = {isa = PBXBuildFile; fileRef = F5C744751BD111A3009D5F75 /* WeSafeUITests.swift */; };
		F5C744851BD11233009D5F75 /* Alerts.gif in Resources */ = {isa = PBXBuildFile; fileRef = F5C744841BD11233009D5F75 /* Alerts.gif */; settings = {ASSET_TAGS = (); }; };
/* End PBXBuildFile section */

/* Begin PBXContainerItemProxy section */
		F5C744671BD111A3009D5F75 /* PBXContainerItemProxy */ = {
			isa = PBXContainerItemProxy;
			containerPortal = F5C7444A1BD111A3009D5F75 /* Project object */;
			proxyType = 1;
			remoteGlobalIDString = F5C744511BD111A3009D5F75;
			remoteInfo = WeSafe;
		};
		F5C744721BD111A3009D5F75 /* PBXContainerItemProxy */ = {
			isa = PBXContainerItemProxy;
			containerPortal = F5C7444A1BD111A3009D5F75 /* Project object */;
			proxyType = 1;
			remoteGlobalIDString = F5C744511BD111A3009D5F75;
			remoteInfo = WeSafe;
		};
/* End PBXContainerItemProxy section */

/* Begin PBXFileReference section */
		F533EC7E1BD1183A0093D489 /* TableViewControllerHistory.swift */ = {isa = PBXFileReference; fileEncoding = 4; lastKnownFileType = sourcecode.swift; path = TableViewControllerHistory.swift; sourceTree = "<group>"; };
		F533EC801BD12A190093D489 /* ViewControllerAlert.swift */ = {isa = PBXFileReference; fileEncoding = 4; lastKnownFileType = sourcecode.swift; path = ViewControllerAlert.swift; sourceTree = "<group>"; };
		F533EC821BD130EB0093D489 /* ViewControllerSettings.swift */ = {isa = PBXFileReference; fileEncoding = 4; lastKnownFileType = sourcecode.swift; path = ViewControllerSettings.swift; sourceTree = "<group>"; };
		F533EC841BD132880093D489 /* ViewControllerAddEmergency.swift */ = {isa = PBXFileReference; fileEncoding = 4; lastKnownFileType = sourcecode.swift; path = ViewControllerAddEmergency.swift; sourceTree = "<group>"; };
		F5C744521BD111A3009D5F75 /* WeSafe.app */ = {isa = PBXFileReference; explicitFileType = wrapper.application; includeInIndex = 0; path = WeSafe.app; sourceTree = BUILT_PRODUCTS_DIR; };
		F5C744551BD111A3009D5F75 /* AppDelegate.swift */ = {isa = PBXFileReference; lastKnownFileType = sourcecode.swift; path = AppDelegate.swift; sourceTree = "<group>"; };
		F5C7445A1BD111A3009D5F75 /* Base */ = {isa = PBXFileReference; lastKnownFileType = file.storyboard; name = Base; path = Base.lproj/Main.storyboard; sourceTree = "<group>"; };
		F5C7445C1BD111A3009D5F75 /* Assets.xcassets */ = {isa = PBXFileReference; lastKnownFileType = folder.assetcatalog; path = Assets.xcassets; sourceTree = "<group>"; };
		F5C7445F1BD111A3009D5F75 /* Base */ = {isa = PBXFileReference; lastKnownFileType = file.storyboard; name = Base; path = Base.lproj/LaunchScreen.storyboard; sourceTree = "<group>"; };
		F5C744611BD111A3009D5F75 /* Info.plist */ = {isa = PBXFileReference; lastKnownFileType = text.plist.xml; path = Info.plist; sourceTree = "<group>"; };
		F5C744661BD111A3009D5F75 /* WeSafeTests.xctest */ = {isa = PBXFileReference; explicitFileType = wrapper.cfbundle; includeInIndex = 0; path = WeSafeTests.xctest; sourceTree = BUILT_PRODUCTS_DIR; };
		F5C7446A1BD111A3009D5F75 /* WeSafeTests.swift */ = {isa = PBXFileReference; lastKnownFileType = sourcecode.swift; path = WeSafeTests.swift; sourceTree = "<group>"; };
		F5C7446C1BD111A3009D5F75 /* Info.plist */ = {isa = PBXFileReference; lastKnownFileType = text.plist.xml; path = Info.plist; sourceTree = "<group>"; };
		F5C744711BD111A3009D5F75 /* WeSafeUITests.xctest */ = {isa = PBXFileReference; explicitFileType = wrapper.cfbundle; includeInIndex = 0; path = WeSafeUITests.xctest; sourceTree = BUILT_PRODUCTS_DIR; };
		F5C744751BD111A3009D5F75 /* WeSafeUITests.swift */ = {isa = PBXFileReference; lastKnownFileType = sourcecode.swift; path = WeSafeUITests.swift; sourceTree = "<group>"; };
		F5C744771BD111A3009D5F75 /* Info.plist */ = {isa = PBXFileReference; lastKnownFileType = text.plist.xml; path = Info.plist; sourceTree = "<group>"; };
		F5C744841BD11233009D5F75 /* Alerts.gif */ = {isa = PBXFileReference; lastKnownFileType = image.gif; path = Alerts.gif; sourceTree = "<group>"; };
/* End PBXFileReference section */

/* Begin PBXFrameworksBuildPhase section */
		F5C7444F1BD111A3009D5F75 /* Frameworks */ = {
			isa = PBXFrameworksBuildPhase;
			buildActionMask = 2147483647;
			files = (
			);
			runOnlyForDeploymentPostprocessing = 0;
		};
		F5C744631BD111A3009D5F75 /* Frameworks */ = {
			isa = PBXFrameworksBuildPhase;
			buildActionMask = 2147483647;
			files = (
			);
			runOnlyForDeploymentPostprocessing = 0;
		};
		F5C7446E1BD111A3009D5F75 /* Frameworks */ = {
			isa = PBXFrameworksBuildPhase;
			buildActionMask = 2147483647;
			files = (
			);
			runOnlyForDeploymentPostprocessing = 0;
		};
/* End PBXFrameworksBuildPhase section */

/* Begin PBXGroup section */
		F5C744491BD111A3009D5F75 = {
			isa = PBXGroup;
			children = (
				F5C744831BD11219009D5F75 /* Images */,
				F5C744541BD111A3009D5F75 /* WeSafe */,
				F5C744691BD111A3009D5F75 /* WeSafeTests */,
				F5C744741BD111A3009D5F75 /* WeSafeUITests */,
				F5C744531BD111A3009D5F75 /* Products */,
			);
			sourceTree = "<group>";
		};
		F5C744531BD111A3009D5F75 /* Products */ = {
			isa = PBXGroup;
			children = (
				F5C744521BD111A3009D5F75 /* WeSafe.app */,
				F5C744661BD111A3009D5F75 /* WeSafeTests.xctest */,
				F5C744711BD111A3009D5F75 /* WeSafeUITests.xctest */,
			);
			name = Products;
			sourceTree = "<group>";
		};
		F5C744541BD111A3009D5F75 /* WeSafe */ = {
			isa = PBXGroup;
			children = (
				F5C744551BD111A3009D5F75 /* AppDelegate.swift */,
				F5C744591BD111A3009D5F75 /* Main.storyboard */,
				F5C7445C1BD111A3009D5F75 /* Assets.xcassets */,
				F5C7445E1BD111A3009D5F75 /* LaunchScreen.storyboard */,
				F5C744611BD111A3009D5F75 /* Info.plist */,
				F533EC7E1BD1183A0093D489 /* TableViewControllerHistory.swift */,
				F533EC801BD12A190093D489 /* ViewControllerAlert.swift */,
				F533EC821BD130EB0093D489 /* ViewControllerSettings.swift */,
				F533EC841BD132880093D489 /* ViewControllerAddEmergency.swift */,
			);
			path = WeSafe;
			sourceTree = "<group>";
		};
		F5C744691BD111A3009D5F75 /* WeSafeTests */ = {
			isa = PBXGroup;
			children = (
				F5C7446A1BD111A3009D5F75 /* WeSafeTests.swift */,
				F5C7446C1BD111A3009D5F75 /* Info.plist */,
			);
			path = WeSafeTests;
			sourceTree = "<group>";
		};
		F5C744741BD111A3009D5F75 /* WeSafeUITests */ = {
			isa = PBXGroup;
			children = (
				F5C744751BD111A3009D5F75 /* WeSafeUITests.swift */,
				F5C744771BD111A3009D5F75 /* Info.plist */,
			);
			path = WeSafeUITests;
			sourceTree = "<group>";
		};
		F5C744831BD11219009D5F75 /* Images */ = {
			isa = PBXGroup;
			children = (
				F5C744841BD11233009D5F75 /* Alerts.gif */,
			);
			name = Images;
			sourceTree = "<group>";
		};
/* End PBXGroup section */

/* Begin PBXNativeTarget section */
		F5C744511BD111A3009D5F75 /* WeSafe */ = {
			isa = PBXNativeTarget;
			buildConfigurationList = F5C7447A1BD111A3009D5F75 /* Build configuration list for PBXNativeTarget "WeSafe" */;
			buildPhases = (
				F5C7444E1BD111A3009D5F75 /* Sources */,
				F5C7444F1BD111A3009D5F75 /* Frameworks */,
				F5C744501BD111A3009D5F75 /* Resources */,
			);
			buildRules = (
			);
			dependencies = (
			);
			name = WeSafe;
			productName = WeSafe;
			productReference = F5C744521BD111A3009D5F75 /* WeSafe.app */;
			productType = "com.apple.product-type.application";
		};
		F5C744651BD111A3009D5F75 /* WeSafeTests */ = {
			isa = PBXNativeTarget;
			buildConfigurationList = F5C7447D1BD111A3009D5F75 /* Build configuration list for PBXNativeTarget "WeSafeTests" */;
			buildPhases = (
				F5C744621BD111A3009D5F75 /* Sources */,
				F5C744631BD111A3009D5F75 /* Frameworks */,
				F5C744641BD111A3009D5F75 /* Resources */,
			);
			buildRules = (
			);
			dependencies = (
				F5C744681BD111A3009D5F75 /* PBXTargetDependency */,
			);
			name = WeSafeTests;
			productName = WeSafeTests;
			productReference = F5C744661BD111A3009D5F75 /* WeSafeTests.xctest */;
			productType = "com.apple.product-type.bundle.unit-test";
		};
		F5C744701BD111A3009D5F75 /* WeSafeUITests */ = {
			isa = PBXNativeTarget;
			buildConfigurationList = F5C744801BD111A3009D5F75 /* Build configuration list for PBXNativeTarget "WeSafeUITests" */;
			buildPhases = (
				F5C7446D1BD111A3009D5F75 /* Sources */,
				F5C7446E1BD111A3009D5F75 /* Frameworks */,
				F5C7446F1BD111A3009D5F75 /* Resources */,
			);
			buildRules = (
			);
			dependencies = (
				F5C744731BD111A3009D5F75 /* PBXTargetDependency */,
			);
			name = WeSafeUITests;
			productName = WeSafeUITests;
			productReference = F5C744711BD111A3009D5F75 /* WeSafeUITests.xctest */;
			productType = "com.apple.product-type.bundle.ui-testing";
		};
/* End PBXNativeTarget section */

/* Begin PBXProject section */
		F5C7444A1BD111A3009D5F75 /* Project object */ = {
			isa = PBXProject;
			attributes = {
				LastUpgradeCheck = 0700;
				ORGANIZATIONNAME = Fhict;
				TargetAttributes = {
					F5C744511BD111A3009D5F75 = {
						CreatedOnToolsVersion = 7.0.1;
					};
					F5C744651BD111A3009D5F75 = {
						CreatedOnToolsVersion = 7.0.1;
						TestTargetID = F5C744511BD111A3009D5F75;
					};
					F5C744701BD111A3009D5F75 = {
						CreatedOnToolsVersion = 7.0.1;
						TestTargetID = F5C744511BD111A3009D5F75;
					};
				};
			};
			buildConfigurationList = F5C7444D1BD111A3009D5F75 /* Build configuration list for PBXProject "WeSafe" */;
			compatibilityVersion = "Xcode 3.2";
			developmentRegion = English;
			hasScannedForEncodings = 0;
			knownRegions = (
				en,
				Base,
			);
			mainGroup = F5C744491BD111A3009D5F75;
			productRefGroup = F5C744531BD111A3009D5F75 /* Products */;
			projectDirPath = "";
			projectRoot = "";
			targets = (
				F5C744511BD111A3009D5F75 /* WeSafe */,
				F5C744651BD111A3009D5F75 /* WeSafeTests */,
				F5C744701BD111A3009D5F75 /* WeSafeUITests */,
			);
		};
/* End PBXProject section */

/* Begin PBXResourcesBuildPhase section */
		F5C744501BD111A3009D5F75 /* Resources */ = {
			isa = PBXResourcesBuildPhase;
			buildActionMask = 2147483647;
			files = (
				F5C744601BD111A3009D5F75 /* LaunchScreen.storyboard in Resources */,
				F5C744851BD11233009D5F75 /* Alerts.gif in Resources */,
				F5C7445D1BD111A3009D5F75 /* Assets.xcassets in Resources */,
				F5C7445B1BD111A3009D5F75 /* Main.storyboard in Resources */,
			);
			runOnlyForDeploymentPostprocessing = 0;
		};
		F5C744641BD111A3009D5F75 /* Resources */ = {
			isa = PBXResourcesBuildPhase;
			buildActionMask = 2147483647;
			files = (
			);
			runOnlyForDeploymentPostprocessing = 0;
		};
		F5C7446F1BD111A3009D5F75 /* Resources */ = {
			isa = PBXResourcesBuildPhase;
			buildActionMask = 2147483647;
			files = (
			);
			runOnlyForDeploymentPostprocessing = 0;
		};
/* End PBXResourcesBuildPhase section */

/* Begin PBXSourcesBuildPhase section */
		F5C7444E1BD111A3009D5F75 /* Sources */ = {
			isa = PBXSourcesBuildPhase;
			buildActionMask = 2147483647;
			files = (
				F533EC851BD132880093D489 /* ViewControllerAddEmergency.swift in Sources */,
				F533EC7F1BD1183A0093D489 /* TableViewControllerHistory.swift in Sources */,
				F5C744561BD111A3009D5F75 /* AppDelegate.swift in Sources */,
				F533EC811BD12A190093D489 /* ViewControllerAlert.swift in Sources */,
				F533EC831BD130EB0093D489 /* ViewControllerSettings.swift in Sources */,
			);
			runOnlyForDeploymentPostprocessing = 0;
		};
		F5C744621BD111A3009D5F75 /* Sources */ = {
			isa = PBXSourcesBuildPhase;
			buildActionMask = 2147483647;
			files = (
				F5C7446B1BD111A3009D5F75 /* WeSafeTests.swift in Sources */,
			);
			runOnlyForDeploymentPostprocessing = 0;
		};
		F5C7446D1BD111A3009D5F75 /* Sources */ = {
			isa = PBXSourcesBuildPhase;
			buildActionMask = 2147483647;
			files = (
				F5C744761BD111A3009D5F75 /* WeSafeUITests.swift in Sources */,
			);
			runOnlyForDeploymentPostprocessing = 0;
		};
/* End PBXSourcesBuildPhase section */

/* Begin PBXTargetDependency section */
		F5C744681BD111A3009D5F75 /* PBXTargetDependency */ = {
			isa = PBXTargetDependency;
			target = F5C744511BD111A3009D5F75 /* WeSafe */;
			targetProxy = F5C744671BD111A3009D5F75 /* PBXContainerItemProxy */;
		};
		F5C744731BD111A3009D5F75 /* PBXTargetDependency */ = {
			isa = PBXTargetDependency;
			target = F5C744511BD111A3009D5F75 /* WeSafe */;
			targetProxy = F5C744721BD111A3009D5F75 /* PBXContainerItemProxy */;
		};
/* End PBXTargetDependency section */

/* Begin PBXVariantGroup section */
		F5C744591BD111A3009D5F75 /* Main.storyboard */ = {
			isa = PBXVariantGroup;
			children = (
				F5C7445A1BD111A3009D5F75 /* Base */,
			);
			name = Main.storyboard;
			sourceTree = "<group>";
		};
		F5C7445E1BD111A3009D5F75 /* LaunchScreen.storyboard */ = {
			isa = PBXVariantGroup;
			children = (
				F5C7445F1BD111A3009D5F75 /* Base */,
			);
			name = LaunchScreen.storyboard;
			sourceTree = "<group>";
		};
/* End PBXVariantGroup section */

/* Begin XCBuildConfiguration section */
		F5C744781BD111A3009D5F75 /* Debug */ = {
			isa = XCBuildConfiguration;
			buildSettings = {
				ALWAYS_SEARCH_USER_PATHS = NO;
				CLANG_CXX_LANGUAGE_STANDARD = "gnu++0x";
				CLANG_CXX_LIBRARY = "libc++";
				CLANG_ENABLE_MODULES = YES;
				CLANG_ENABLE_OBJC_ARC = YES;
				CLANG_WARN_BOOL_CONVERSION = YES;
				CLANG_WARN_CONSTANT_CONVERSION = YES;
				CLANG_WARN_DIRECT_OBJC_ISA_USAGE = YES_ERROR;
				CLANG_WARN_EMPTY_BODY = YES;
				CLANG_WARN_ENUM_CONVERSION = YES;
				CLANG_WARN_INT_CONVERSION = YES;
				CLANG_WARN_OBJC_ROOT_CLASS = YES_ERROR;
				CLANG_WARN_UNREACHABLE_CODE = YES;
				CLANG_WARN__DUPLICATE_METHOD_MATCH = YES;
				"CODE_SIGN_IDENTITY[sdk=iphoneos*]" = "iPhone Developer";
				COPY_PHASE_STRIP = NO;
				DEBUG_INFORMATION_FORMAT = dwarf;
				ENABLE_STRICT_OBJC_MSGSEND = YES;
				ENABLE_TESTABILITY = YES;
				GCC_C_LANGUAGE_STANDARD = gnu99;
				GCC_DYNAMIC_NO_PIC = NO;
				GCC_NO_COMMON_BLOCKS = YES;
				GCC_OPTIMIZATION_LEVEL = 0;
				GCC_PREPROCESSOR_DEFINITIONS = (
					"DEBUG=1",
					"$(inherited)",
				);
				GCC_WARN_64_TO_32_BIT_CONVERSION = YES;
				GCC_WARN_ABOUT_RETURN_TYPE = YES_ERROR;
				GCC_WARN_UNDECLARED_SELECTOR = YES;
				GCC_WARN_UNINITIALIZED_AUTOS = YES_AGGRESSIVE;
				GCC_WARN_UNUSED_FUNCTION = YES;
				GCC_WARN_UNUSED_VARIABLE = YES;
				IPHONEOS_DEPLOYMENT_TARGET = 9.0;
				MTL_ENABLE_DEBUG_INFO = YES;
				ONLY_ACTIVE_ARCH = YES;
				SDKROOT = iphoneos;
				SWIFT_OPTIMIZATION_LEVEL = "-Onone";
			};
			name = Debug;
		};
		F5C744791BD111A3009D5F75 /* Release */ = {
			isa = XCBuildConfiguration;
			buildSettings = {
				ALWAYS_SEARCH_USER_PATHS = NO;
				CLANG_CXX_LANGUAGE_STANDARD = "gnu++0x";
				CLANG_CXX_LIBRARY = "libc++";
				CLANG_ENABLE_MODULES = YES;
				CLANG_ENABLE_OBJC_ARC = YES;
				CLANG_WARN_BOOL_CONVERSION = YES;
				CLANG_WARN_CONSTANT_CONVERSION = YES;
				CLANG_WARN_DIRECT_OBJC_ISA_USAGE = YES_ERROR;
				CLANG_WARN_EMPTY_BODY = YES;
				CLANG_WARN_ENUM_CONVERSION = YES;
				CLANG_WARN_INT_CONVERSION = YES;
				CLANG_WARN_OBJC_ROOT_CLASS = YES_ERROR;
				CLANG_WARN_UNREACHABLE_CODE = YES;
				CLANG_WARN__DUPLICATE_METHOD_MATCH = YES;
				"CODE_SIGN_IDENTITY[sdk=iphoneos*]" = "iPhone Developer";
				COPY_PHASE_STRIP = NO;
				DEBUG_INFORMATION_FORMAT = "dwarf-with-dsym";
				ENABLE_NS_ASSERTIONS = NO;
				ENABLE_STRICT_OBJC_MSGSEND = YES;
				GCC_C_LANGUAGE_STANDARD = gnu99;
				GCC_NO_COMMON_BLOCKS = YES;
				GCC_WARN_64_TO_32_BIT_CONVERSION = YES;
				GCC_WARN_ABOUT_RETURN_TYPE = YES_ERROR;
				GCC_WARN_UNDECLARED_SELECTOR = YES;
				GCC_WARN_UNINITIALIZED_AUTOS = YES_AGGRESSIVE;
				GCC_WARN_UNUSED_FUNCTION = YES;
				GCC_WARN_UNUSED_VARIABLE = YES;
				IPHONEOS_DEPLOYMENT_TARGET = 9.0;
				MTL_ENABLE_DEBUG_INFO = NO;
				SDKROOT = iphoneos;
				VALIDATE_PRODUCT = YES;
			};
			name = Release;
		};
		F5C7447B1BD111A3009D5F75 /* Debug */ = {
			isa = XCBuildConfiguration;
			buildSettings = {
				ASSETCATALOG_COMPILER_APPICON_NAME = AppIcon;
				INFOPLIST_FILE = WeSafe/Info.plist;
				LD_RUNPATH_SEARCH_PATHS = "$(inherited) @executable_path/Frameworks";
				PRODUCT_BUNDLE_IDENTIFIER = com.JeroenvanThoor.WeSafe;
				PRODUCT_NAME = "$(TARGET_NAME)";
			};
			name = Debug;
		};
		F5C7447C1BD111A3009D5F75 /* Release */ = {
			isa = XCBuildConfiguration;
			buildSettings = {
				ASSETCATALOG_COMPILER_APPICON_NAME = AppIcon;
				INFOPLIST_FILE = WeSafe/Info.plist;
				LD_RUNPATH_SEARCH_PATHS = "$(inherited) @executable_path/Frameworks";
				PRODUCT_BUNDLE_IDENTIFIER = com.JeroenvanThoor.WeSafe;
				PRODUCT_NAME = "$(TARGET_NAME)";
			};
			name = Release;
		};
		F5C7447E1BD111A3009D5F75 /* Debug */ = {
			isa = XCBuildConfiguration;
			buildSettings = {
				BUNDLE_LOADER = "$(TEST_HOST)";
				INFOPLIST_FILE = WeSafeTests/Info.plist;
				LD_RUNPATH_SEARCH_PATHS = "$(inherited) @executable_path/Frameworks @loader_path/Frameworks";
				PRODUCT_BUNDLE_IDENTIFIER = com.JeroenvanThoor.WeSafeTests;
				PRODUCT_NAME = "$(TARGET_NAME)";
				TEST_HOST = "$(BUILT_PRODUCTS_DIR)/WeSafe.app/WeSafe";
			};
			name = Debug;
		};
		F5C7447F1BD111A3009D5F75 /* Release */ = {
			isa = XCBuildConfiguration;
			buildSettings = {
				BUNDLE_LOADER = "$(TEST_HOST)";
				INFOPLIST_FILE = WeSafeTests/Info.plist;
				LD_RUNPATH_SEARCH_PATHS = "$(inherited) @executable_path/Frameworks @loader_path/Frameworks";
				PRODUCT_BUNDLE_IDENTIFIER = com.JeroenvanThoor.WeSafeTests;
				PRODUCT_NAME = "$(TARGET_NAME)";
				TEST_HOST = "$(BUILT_PRODUCTS_DIR)/WeSafe.app/WeSafe";
			};
			name = Release;
		};
		F5C744811BD111A3009D5F75 /* Debug */ = {
			isa = XCBuildConfiguration;
			buildSettings = {
				INFOPLIST_FILE = WeSafeUITests/Info.plist;
				LD_RUNPATH_SEARCH_PATHS = "$(inherited) @executable_path/Frameworks @loader_path/Frameworks";
				PRODUCT_BUNDLE_IDENTIFIER = com.JeroenvanThoor.WeSafeUITests;
				PRODUCT_NAME = "$(TARGET_NAME)";
				TEST_TARGET_NAME = WeSafe;
				USES_XCTRUNNER = YES;
			};
			name = Debug;
		};
		F5C744821BD111A3009D5F75 /* Release */ = {
			isa = XCBuildConfiguration;
			buildSettings = {
				INFOPLIST_FILE = WeSafeUITests/Info.plist;
				LD_RUNPATH_SEARCH_PATHS = "$(inherited) @executable_path/Frameworks @loader_path/Frameworks";
				PRODUCT_BUNDLE_IDENTIFIER = com.JeroenvanThoor.WeSafeUITests;
				PRODUCT_NAME = "$(TARGET_NAME)";
				TEST_TARGET_NAME = WeSafe;
				USES_XCTRUNNER = YES;
			};
			name = Release;
		};
/* End XCBuildConfiguration section */

/* Begin XCConfigurationList section */
		F5C7444D1BD111A3009D5F75 /* Build configuration list for PBXProject "WeSafe" */ = {
			isa = XCConfigurationList;
			buildConfigurations = (
				F5C744781BD111A3009D5F75 /* Debug */,
				F5C744791BD111A3009D5F75 /* Release */,
			);
			defaultConfigurationIsVisible = 0;
			defaultConfigurationName = Release;
		};
		F5C7447A1BD111A3009D5F75 /* Build configuration list for PBXNativeTarget "WeSafe" */ = {
			isa = XCConfigurationList;
			buildConfigurations = (
				F5C7447B1BD111A3009D5F75 /* Debug */,
				F5C7447C1BD111A3009D5F75 /* Release */,
			);
			defaultConfigurationIsVisible = 0;
			defaultConfigurationName = Release;
		};
		F5C7447D1BD111A3009D5F75 /* Build configuration list for PBXNativeTarget "WeSafeTests" */ = {
			isa = XCConfigurationList;
			buildConfigurations = (
				F5C7447E1BD111A3009D5F75 /* Debug */,
				F5C7447F1BD111A3009D5F75 /* Release */,
			);
			defaultConfigurationIsVisible = 0;
			defaultConfigurationName = Release;
		};
		F5C744801BD111A3009D5F75 /* Build configuration list for PBXNativeTarget "WeSafeUITests" */ = {
			isa = XCConfigurationList;
			buildConfigurations = (
				F5C744811BD111A3009D5F75 /* Debug */,
				F5C744821BD111A3009D5F75 /* Release */,
			);
			defaultConfigurationIsVisible = 0;
			defaultConfigurationName = Release;
		};
/* End XCConfigurationList section */
	};
	rootObject = F5C7444A1BD111A3009D5F75 /* Project object */;
}
