// !$*UTF8*$!
{
	archiveVersion = 1;
	classes = {
	};
	objectVersion = 46;
	objects = {

/* Begin PBXBuildFile section */
		F5B518E01BF4CD5200E4FAE7 /* AppDelegate.swift in Sources */ = {isa = PBXBuildFile; fileRef = F5B518DF1BF4CD5200E4FAE7 /* AppDelegate.swift */; };
		F5B518E21BF4CD5200E4FAE7 /* ViewController.swift in Sources */ = {isa = PBXBuildFile; fileRef = F5B518E11BF4CD5200E4FAE7 /* ViewController.swift */; };
		F5B518E51BF4CD5200E4FAE7 /* Main.storyboard in Resources */ = {isa = PBXBuildFile; fileRef = F5B518E31BF4CD5200E4FAE7 /* Main.storyboard */; };
		F5B518E71BF4CD5200E4FAE7 /* Assets.xcassets in Resources */ = {isa = PBXBuildFile; fileRef = F5B518E61BF4CD5200E4FAE7 /* Assets.xcassets */; };
		F5B518EA1BF4CD5200E4FAE7 /* LaunchScreen.storyboard in Resources */ = {isa = PBXBuildFile; fileRef = F5B518E81BF4CD5200E4FAE7 /* LaunchScreen.storyboard */; };
/* End PBXBuildFile section */

/* Begin PBXFileReference section */
		F5B518DC1BF4CD5200E4FAE7 /* WatLeenJeNu.app */ = {isa = PBXFileReference; explicitFileType = wrapper.application; includeInIndex = 0; path = WatLeenJeNu.app; sourceTree = BUILT_PRODUCTS_DIR; };
		F5B518DF1BF4CD5200E4FAE7 /* AppDelegate.swift */ = {isa = PBXFileReference; lastKnownFileType = sourcecode.swift; path = AppDelegate.swift; sourceTree = "<group>"; };
		F5B518E11BF4CD5200E4FAE7 /* ViewController.swift */ = {isa = PBXFileReference; lastKnownFileType = sourcecode.swift; path = ViewController.swift; sourceTree = "<group>"; };
		F5B518E41BF4CD5200E4FAE7 /* Base */ = {isa = PBXFileReference; lastKnownFileType = file.storyboard; name = Base; path = Base.lproj/Main.storyboard; sourceTree = "<group>"; };
		F5B518E61BF4CD5200E4FAE7 /* Assets.xcassets */ = {isa = PBXFileReference; lastKnownFileType = folder.assetcatalog; path = Assets.xcassets; sourceTree = "<group>"; };
		F5B518E91BF4CD5200E4FAE7 /* Base */ = {isa = PBXFileReference; lastKnownFileType = file.storyboard; name = Base; path = Base.lproj/LaunchScreen.storyboard; sourceTree = "<group>"; };
		F5B518EB1BF4CD5200E4FAE7 /* Info.plist */ = {isa = PBXFileReference; lastKnownFileType = text.plist.xml; path = Info.plist; sourceTree = "<group>"; };
/* End PBXFileReference section */

/* Begin PBXFrameworksBuildPhase section */
		F5B518D91BF4CD5200E4FAE7 /* Frameworks */ = {
			isa = PBXFrameworksBuildPhase;
			buildActionMask = 2147483647;
			files = (
			);
			runOnlyForDeploymentPostprocessing = 0;
		};
/* End PBXFrameworksBuildPhase section */

/* Begin PBXGroup section */
		F5B518D31BF4CD5200E4FAE7 = {
			isa = PBXGroup;
			children = (
				F5B518DE1BF4CD5200E4FAE7 /* WatLeenJeNu */,
				F5B518DD1BF4CD5200E4FAE7 /* Products */,
			);
			sourceTree = "<group>";
		};
		F5B518DD1BF4CD5200E4FAE7 /* Products */ = {
			isa = PBXGroup;
			children = (
				F5B518DC1BF4CD5200E4FAE7 /* WatLeenJeNu.app */,
			);
			name = Products;
			sourceTree = "<group>";
		};
		F5B518DE1BF4CD5200E4FAE7 /* WatLeenJeNu */ = {
			isa = PBXGroup;
			children = (
				F5B518DF1BF4CD5200E4FAE7 /* AppDelegate.swift */,
				F5B518E11BF4CD5200E4FAE7 /* ViewController.swift */,
				F5B518E31BF4CD5200E4FAE7 /* Main.storyboard */,
				F5B518E61BF4CD5200E4FAE7 /* Assets.xcassets */,
				F5B518E81BF4CD5200E4FAE7 /* LaunchScreen.storyboard */,
				F5B518EB1BF4CD5200E4FAE7 /* Info.plist */,
			);
			path = WatLeenJeNu;
			sourceTree = "<group>";
		};
/* End PBXGroup section */

/* Begin PBXNativeTarget section */
		F5B518DB1BF4CD5200E4FAE7 /* WatLeenJeNu */ = {
			isa = PBXNativeTarget;
			buildConfigurationList = F5B518EE1BF4CD5200E4FAE7 /* Build configuration list for PBXNativeTarget "WatLeenJeNu" */;
			buildPhases = (
				F5B518D81BF4CD5200E4FAE7 /* Sources */,
				F5B518D91BF4CD5200E4FAE7 /* Frameworks */,
				F5B518DA1BF4CD5200E4FAE7 /* Resources */,
			);
			buildRules = (
			);
			dependencies = (
			);
			name = WatLeenJeNu;
			productName = WatLeenJeNu;
			productReference = F5B518DC1BF4CD5200E4FAE7 /* WatLeenJeNu.app */;
			productType = "com.apple.product-type.application";
		};
/* End PBXNativeTarget section */

/* Begin PBXProject section */
		F5B518D41BF4CD5200E4FAE7 /* Project object */ = {
			isa = PBXProject;
			attributes = {
				LastSwiftUpdateCheck = 0710;
				LastUpgradeCheck = 0710;
				ORGANIZATIONNAME = "Roy Timmers";
				TargetAttributes = {
					F5B518DB1BF4CD5200E4FAE7 = {
						CreatedOnToolsVersion = 7.1.1;
						DevelopmentTeam = MN5SCF722P;
					};
				};
			};
			buildConfigurationList = F5B518D71BF4CD5200E4FAE7 /* Build configuration list for PBXProject "WatLeenJeNu" */;
			compatibilityVersion = "Xcode 3.2";
			developmentRegion = English;
			hasScannedForEncodings = 0;
			knownRegions = (
				en,
				Base,
			);
			mainGroup = F5B518D31BF4CD5200E4FAE7;
			productRefGroup = F5B518DD1BF4CD5200E4FAE7 /* Products */;
			projectDirPath = "";
			projectRoot = "";
			targets = (
				F5B518DB1BF4CD5200E4FAE7 /* WatLeenJeNu */,
			);
		};
/* End PBXProject section */

/* Begin PBXResourcesBuildPhase section */
		F5B518DA1BF4CD5200E4FAE7 /* Resources */ = {
			isa = PBXResourcesBuildPhase;
			buildActionMask = 2147483647;
			files = (
				F5B518EA1BF4CD5200E4FAE7 /* LaunchScreen.storyboard in Resources */,
				F5B518E71BF4CD5200E4FAE7 /* Assets.xcassets in Resources */,
				F5B518E51BF4CD5200E4FAE7 /* Main.storyboard in Resources */,
			);
			runOnlyForDeploymentPostprocessing = 0;
		};
/* End PBXResourcesBuildPhase section */

/* Begin PBXSourcesBuildPhase section */
		F5B518D81BF4CD5200E4FAE7 /* Sources */ = {
			isa = PBXSourcesBuildPhase;
			buildActionMask = 2147483647;
			files = (
				F5B518E21BF4CD5200E4FAE7 /* ViewController.swift in Sources */,
				F5B518E01BF4CD5200E4FAE7 /* AppDelegate.swift in Sources */,
			);
			runOnlyForDeploymentPostprocessing = 0;
		};
/* End PBXSourcesBuildPhase section */

/* Begin PBXVariantGroup section */
		F5B518E31BF4CD5200E4FAE7 /* Main.storyboard */ = {
			isa = PBXVariantGroup;
			children = (
				F5B518E41BF4CD5200E4FAE7 /* Base */,
			);
			name = Main.storyboard;
			sourceTree = "<group>";
		};
		F5B518E81BF4CD5200E4FAE7 /* LaunchScreen.storyboard */ = {
			isa = PBXVariantGroup;
			children = (
				F5B518E91BF4CD5200E4FAE7 /* Base */,
			);
			name = LaunchScreen.storyboard;
			sourceTree = "<group>";
		};
/* End PBXVariantGroup section */

/* Begin XCBuildConfiguration section */
		F5B518EC1BF4CD5200E4FAE7 /* Debug */ = {
			isa = XCBuildConfiguration;
			buildSettings = {
				ALWAYS_SEARCH_USER_PATHS = NO;
				CLANG_CXX_LANGUAGE_STANDARD = "gnu++0x";
				CLANG_CXX_LIBRARY = "libc++";
				CLANG_ENABLE_MODULES = YES;
				CLANG_ENABLE_OBJC_ARC = YES;
				CLANG_WARN_BOOL_CONVERSION = YES;
				CLANG_WARN_CONSTANT_CONVERSION = YES;
				CLANG_WARN_DIRECT_OBJC_ISA_USAGE = YES_ERROR;
				CLANG_WARN_EMPTY_BODY = YES;
				CLANG_WARN_ENUM_CONVERSION = YES;
				CLANG_WARN_INT_CONVERSION = YES;
				CLANG_WARN_OBJC_ROOT_CLASS = YES_ERROR;
				CLANG_WARN_UNREACHABLE_CODE = YES;
				CLANG_WARN__DUPLICATE_METHOD_MATCH = YES;
				"CODE_SIGN_IDENTITY[sdk=iphoneos*]" = "iPhone Developer";
				COPY_PHASE_STRIP = NO;
				DEBUG_INFORMATION_FORMAT = dwarf;
				ENABLE_STRICT_OBJC_MSGSEND = YES;
				ENABLE_TESTABILITY = YES;
				GCC_C_LANGUAGE_STANDARD = gnu99;
				GCC_DYNAMIC_NO_PIC = NO;
				GCC_NO_COMMON_BLOCKS = YES;
				GCC_OPTIMIZATION_LEVEL = 0;
				GCC_PREPROCESSOR_DEFINITIONS = (
					"DEBUG=1",
					"$(inherited)",
				);
				GCC_WARN_64_TO_32_BIT_CONVERSION = YES;
				GCC_WARN_ABOUT_RETURN_TYPE = YES_ERROR;
				GCC_WARN_UNDECLARED_SELECTOR = YES;
				GCC_WARN_UNINITIALIZED_AUTOS = YES_AGGRESSIVE;
				GCC_WARN_UNUSED_FUNCTION = YES;
				GCC_WARN_UNUSED_VARIABLE = YES;
				IPHONEOS_DEPLOYMENT_TARGET = 9.1;
				MTL_ENABLE_DEBUG_INFO = YES;
				ONLY_ACTIVE_ARCH = YES;
				SDKROOT = iphoneos;
				SWIFT_OPTIMIZATION_LEVEL = "-Onone";
			};
			name = Debug;
		};
		F5B518ED1BF4CD5200E4FAE7 /* Release */ = {
			isa = XCBuildConfiguration;
			buildSettings = {
				ALWAYS_SEARCH_USER_PATHS = NO;
				CLANG_CXX_LANGUAGE_STANDARD = "gnu++0x";
				CLANG_CXX_LIBRARY = "libc++";
				CLANG_ENABLE_MODULES = YES;
				CLANG_ENABLE_OBJC_ARC = YES;
				CLANG_WARN_BOOL_CONVERSION = YES;
				CLANG_WARN_CONSTANT_CONVERSION = YES;
				CLANG_WARN_DIRECT_OBJC_ISA_USAGE = YES_ERROR;
				CLANG_WARN_EMPTY_BODY = YES;
				CLANG_WARN_ENUM_CONVERSION = YES;
				CLANG_WARN_INT_CONVERSION = YES;
				CLANG_WARN_OBJC_ROOT_CLASS = YES_ERROR;
				CLANG_WARN_UNREACHABLE_CODE = YES;
				CLANG_WARN__DUPLICATE_METHOD_MATCH = YES;
				"CODE_SIGN_IDENTITY[sdk=iphoneos*]" = "iPhone Developer";
				COPY_PHASE_STRIP = NO;
				DEBUG_INFORMATION_FORMAT = "dwarf-with-dsym";
				ENABLE_NS_ASSERTIONS = NO;
				ENABLE_STRICT_OBJC_MSGSEND = YES;
				GCC_C_LANGUAGE_STANDARD = gnu99;
				GCC_NO_COMMON_BLOCKS = YES;
				GCC_WARN_64_TO_32_BIT_CONVERSION = YES;
				GCC_WARN_ABOUT_RETURN_TYPE = YES_ERROR;
				GCC_WARN_UNDECLARED_SELECTOR = YES;
				GCC_WARN_UNINITIALIZED_AUTOS = YES_AGGRESSIVE;
				GCC_WARN_UNUSED_FUNCTION = YES;
				GCC_WARN_UNUSED_VARIABLE = YES;
				IPHONEOS_DEPLOYMENT_TARGET = 9.1;
				MTL_ENABLE_DEBUG_INFO = NO;
				SDKROOT = iphoneos;
				VALIDATE_PRODUCT = YES;
			};
			name = Release;
		};
		F5B518EF1BF4CD5200E4FAE7 /* Debug */ = {
			isa = XCBuildConfiguration;
			buildSettings = {
				ASSETCATALOG_COMPILER_APPICON_NAME = AppIcon;
				INFOPLIST_FILE = WatLeenJeNu/Info.plist;
				LD_RUNPATH_SEARCH_PATHS = "$(inherited) @executable_path/Frameworks";
				PRODUCT_BUNDLE_IDENTIFIER = edu.fontys.sm.WatLeenJeNu;
				PRODUCT_NAME = "$(TARGET_NAME)";
			};
			name = Debug;
		};
		F5B518F01BF4CD5200E4FAE7 /* Release */ = {
			isa = XCBuildConfiguration;
			buildSettings = {
				ASSETCATALOG_COMPILER_APPICON_NAME = AppIcon;
				INFOPLIST_FILE = WatLeenJeNu/Info.plist;
				LD_RUNPATH_SEARCH_PATHS = "$(inherited) @executable_path/Frameworks";
				PRODUCT_BUNDLE_IDENTIFIER = edu.fontys.sm.WatLeenJeNu;
				PRODUCT_NAME = "$(TARGET_NAME)";
			};
			name = Release;
		};
/* End XCBuildConfiguration section */

/* Begin XCConfigurationList section */
		F5B518D71BF4CD5200E4FAE7 /* Build configuration list for PBXProject "WatLeenJeNu" */ = {
			isa = XCConfigurationList;
			buildConfigurations = (
				F5B518EC1BF4CD5200E4FAE7 /* Debug */,
				F5B518ED1BF4CD5200E4FAE7 /* Release */,
			);
			defaultConfigurationIsVisible = 0;
			defaultConfigurationName = Release;
		};
		F5B518EE1BF4CD5200E4FAE7 /* Build configuration list for PBXNativeTarget "WatLeenJeNu" */ = {
			isa = XCConfigurationList;
			buildConfigurations = (
				F5B518EF1BF4CD5200E4FAE7 /* Debug */,
				F5B518F01BF4CD5200E4FAE7 /* Release */,
			);
			defaultConfigurationIsVisible = 0;
		};
/* End XCConfigurationList section */
	};
	rootObject = F5B518D41BF4CD5200E4FAE7 /* Project object */;
}
